{
    "_meta": {
        "hash": {
            "sha256": "8daf42e30ea1629ba29f0aaec5d98bab899969be992a9168272abf3d5e57b080"
        },
        "pipfile-spec": 6,
        "requires": {
            "python_version": "3.6"
        },
        "sources": [
            {
                "name": "pypi",
                "url": "https://pypi.org/simple",
                "verify_ssl": true
            }
        ]
    },
    "default": {
        "backoff": {
            "hashes": [
                "sha256:5e73e2cbe780e1915a204799dba0a01896f45f4385e636bcca7a0614d879d0cd",
                "sha256:b8fba021fac74055ac05eb7c7bfce4723aedde6cd0a504e5326bcb0bdd6d19a4"
            ],
            "index": "pypi",
            "version": "==1.10.0"
        },
        "blis": {
            "hashes": [
                "sha256:00473602629ba69fe6565108e21957e918cb48b59f5bf2f6bfb6e04de42500cb",
                "sha256:03c368c9716ca814c436550a5f1e02ccf74850e613602519e3941d212e5aa177",
                "sha256:135450caabc8aea9bb9250329ebdf7189982d9b57d5c92789b2ba2fe52c247a7",
                "sha256:1402d9cbb0fbc21b749dd5b87d7ee14249e74a0ca38be6ecc56b3b356fca2f21",
                "sha256:26b16d6005bb2671699831b5cc699905215d1abde1ec5c1d04de7dcd9eb29f75",
                "sha256:3347a4b1b7d3ae14476aac9a6f7bf8ebf464863f4ebf4aea228874a7694ea240",
                "sha256:38fe877a4b52e762f5e137a412e3c256545a696a12ae8c40d67b8815d2bb5097",
                "sha256:4fb89c47ee06b58a4410a16fd5794847517262c9d2a342643475b477dfeff0a4",
                "sha256:77a6486b9794af01bcdfd1bc6e067c93add4b93292e6f95bf6e5ce7f98bf0163",
                "sha256:856142a11e37fd2c47c5006a3197e157bb8469a491a73d2d442223dd3279df84",
                "sha256:8aeaf6954351593a1e412f80e398aa51df588d3c0de74b9f3323b694c603381b",
                "sha256:9ede123065f3cacb109967755b3d83d4ca0de90643a9058129a6ab2d4051954f",
                "sha256:d1d59faebc1c94f8f4f77154ef4b9d6d40364b111cf8fde48ee3b524c85f1075",
                "sha256:d69257d317e86f34a7f230a2fd1f021fd2a1b944137f40d8cdbb23bd334cd0c4",
                "sha256:ddd732c5274d1082fa92e2c42317587d5ebabce7741ca98120f69bd45d004b99",
                "sha256:f0b0dad4d6268d9dba0a65a9db12dd7a2d8686b648399e4aa1aec7550697e99e"
            ],
            "version": "==0.4.1"
        },
        "catalogue": {
            "hashes": [
                "sha256:584d78e7f4c3c6e2fd498eb56dfc8ef1f4ff738480237de2ccd26cbe2cf47172",
                "sha256:d74d1d856c6b36a37bf14aa6dbbc27d0582667b7ab979a6108e61a575e8723f5"
            ],
            "markers": "python_version >= '2.7' and python_version not in '3.0, 3.1, 3.2, 3.3'",
            "version": "==1.0.0"
        },
        "certifi": {
            "hashes": [
                "sha256:2bbf76fd432960138b3ef6dda3dde0544f27cbf8546c458e60baf371917ba9ee",
                "sha256:50b1e4f8446b06f41be7dd6338db18e0990601dce795c2b1686458aa7e8fa7d8"
            ],
            "version": "==2021.5.30"
        },
        "charset-normalizer": {
            "hashes": [
                "sha256:0c8911edd15d19223366a194a513099a302055a962bca2cec0f54b8b63175d8b",
                "sha256:f23667ebe1084be45f6ae0538e4a5a865206544097e4e8bbcacf42cd02a348f3"
            ],
            "markers": "python_version >= '3'",
            "version": "==2.0.4"
        },
        "cymem": {
            "hashes": [
                "sha256:01d3ea159f7a3f3192b1e800ed8207dac7586794d903a153198b9ea317f144bc",
                "sha256:190e15d9cf2c3bde60ae37bddbae6568a36044dc4a326d84081a5fa08818eee0",
                "sha256:1f0eb9b3d03623dcfc746cf8bff0663b0e347f4aea759965c8932087a0307ee9",
                "sha256:3d48902d7441645835fefc7832df49feb5362c7300d182475b63a01d25ae44ef",
                "sha256:4bd023c2477198b39b660c2a6b0242880649765ecee8461688a57fd4afd2bfc0",
                "sha256:734d82d0d03c2ceb929bc1744c04dbe0a105e68a4947c8406056a36f86c41830",
                "sha256:8ea57e6923f40eb51012352161bb5707c14a5a5ce901ff72021e59df06221655",
                "sha256:9d72d69f7a62a280199c3aa7bc550685c47d6d0689b2d299e6492253b86d2437",
                "sha256:a440d63577fcdc9c528c9cc026b7b4f8648193bac462bc0596c9eac10f9fba62",
                "sha256:ce1e81c1d031f56b67bac2136e73b4512cbc794706cd570178972d54ba6115d8",
                "sha256:d19f68b90411e02ab33b1654118337f96f41c13a3cd00c4f44f7abed2bc712e7",
                "sha256:d307f7f6230d861a938837cae4b855226b6845a21c010242a15e9ce6853856cd",
                "sha256:f2167c9959fcd639b95d51fa5efaa7c61eef8d686cb75a25412a914f428ce980"
            ],
            "version": "==2.0.5"
        },
        "cython": {
            "hashes": [
                "sha256:0542a6c4ff1be839b6479deffdbdff1a330697d7953dd63b6de99c078e3acd5f",
                "sha256:0bcf7f87aa0ba8b62d4f3b6e0146e48779eaa4f39f92092d7ff90081ef6133e0",
                "sha256:13408a5e5574b322153a23f23eb9e69306d4d8216428b435b75fdab9538ad169",
                "sha256:1846a8f4366fb4041d34cd37c2d022421ab1a28bcf79ffa6cf33a45b5acba9af",
                "sha256:1d32d0965c2fc1476af9c367e396c3ecc294d4bde2cfde6f1704e8787e3f0e1f",
                "sha256:21d6abd25e0fcfa96edf164831f53ca20deb64221eb3b7d6d1c4d582f4c54c84",
                "sha256:232755284f942cbb3b43a06cd85974ef3c970a021aef19b5243c03ee2b08fa05",
                "sha256:245e69a1f367c89e3c8a1c2699bd20ab67b3d57053f3c71f0623d36def074308",
                "sha256:3a274c63a3575ae9d6cde5a31c2f5cb18d0a34d9bded96433ceb86d11dc0806d",
                "sha256:3b400efb38d6092d2ee7f6d9835dd6dc4f99e804abf97652a5839ff9b1910f25",
                "sha256:4ab2054325a7856ed0df881b8ffdadae05b29cf3549635f741c18ce2c860f51b",
                "sha256:4b5efb5bff2a1ed0c23dd131223566a0cc51c5266e70968082aed75b73f8c1e2",
                "sha256:54e7bf8a2a0c8536f4c42fc5ef54e6780153826279aef923317cf919671119f4",
                "sha256:59a0b01fc9376c2424eb3b09a0550f1cbd51681a59cee1e02c9d5c546c601679",
                "sha256:5ba06cf0cfc79686daedf9a7895cad4c993c453b86240fc54ecbe9b0c951504c",
                "sha256:66768684fdee5f9395e6ee2daa9f770b37455fcb22d31960843bd72996aaa84f",
                "sha256:772c13250aea33ac17eb042544b310f0dc3862bbde49b334f5c12f7d1b627476",
                "sha256:7d31c4b518b34b427b51e85c6827473b08f473df2fcba75969daad65ea2a5f6c",
                "sha256:961f11eb427161a8f5b35e74285a5ff6651eee710dbe092072af3e9337e26825",
                "sha256:96342c9f934bcce22eaef739e4fca9ce5cc5347df4673f4de8e5dce5fe158444",
                "sha256:a507d507b45af9657b050cea780e668cbcb9280eb94a5755c634a48760b1d035",
                "sha256:ad318b60d13767838e99cf93f3571849946eb960c54da86c000b97b2ffa60128",
                "sha256:b137bb2f6e079bd04e6b3ea15e9f9b9c97982ec0b1037d48972940577d3a57bb",
                "sha256:b3f95ba4d251400bfd38b0891128d9b6365a54f06bd4d58ba033ecb39d2788cc",
                "sha256:c0937ab8185d7f55bf7145dbfa3cc27a9d69916d4274690b18b9d1022ac54fd8",
                "sha256:c2c28d22bfea830c0cdbd0d7f373d4f51366893a18a5bbd4dd8deb1e6bdd08c2",
                "sha256:e074e2be68b4cb1d17b9c63d89ae0592742bdbc320466f342e1e1ea77ec83c40",
                "sha256:e9abcc8013354f0059c16af9c917d19341a41981bb74dcc44e060f8a88db9123",
                "sha256:eb757a4076e7bb1ca3e73fba4ec2b1c07ca0634200904f1df8f7f899c57b17af",
                "sha256:f4ecb562b5b6a2d80543ec36f7fbc7c1a4341bb837a5fc8bd3c352470508133c",
                "sha256:f516d11179627f95471cc0674afe8710d4dc5de764297db7f5bdb34bd92caff9",
                "sha256:fd6496b41eb529349d58f3f6a09a64cceb156c9720f79cebdf975ea4fafc05f0"
            ],
            "index": "pypi",
            "version": "==0.29.16"
        },
        "idna": {
            "hashes": [
                "sha256:14475042e284991034cb48e06f6851428fb14c4dc953acd9be9a5e95c7b6dd7a",
                "sha256:467fbad99067910785144ce333826c71fb0e63a425657295239737f7ecd125f3"
            ],
            "markers": "python_version >= '3'",
            "version": "==3.2"
        },
        "importlib-metadata": {
            "hashes": [
                "sha256:0645585859e9a6689c523927a5032f2ba5919f1f7d0e84bd4533312320de1ff9",
                "sha256:51c6635429c77cf1ae634c997ff9e53ca3438b495f10a55ba28594dd69764a8b"
            ],
            "markers": "python_version < '3.8'",
            "version": "==4.6.3"
        },
        "joblib": {
            "hashes": [
                "sha256:9c17567692206d2f3fb9ecf5e991084254fe631665c450b443761c4186a613f7",
                "sha256:feeb1ec69c4d45129954f1b7034954241eedfd6ba39b5e9e4b6883be3332d5e5"
            ],
            "markers": "python_version >= '3.6'",
            "version": "==1.0.1"
        },
        "multiprocessing-logging": {
            "hashes": [
                "sha256:9d3eb0f1f859b7ba6250a029726f77a7701999deda939595122d8748751de2e3"
            ],
            "index": "pypi",
            "version": "==0.3.1"
        },
        "munch": {
            "hashes": [
                "sha256:2d735f6f24d4dba3417fa448cae40c6e896ec1fdab6cdb5e6510999758a4dbd2",
                "sha256:6f44af89a2ce4ed04ff8de41f70b226b984db10a91dcc7b9ac2efc1c77022fdd"
            ],
            "index": "pypi",
            "version": "==2.5.0"
        },
        "murmurhash": {
            "hashes": [
                "sha256:023391cfefe584ac544c1ea0936976c0119b17dd27bb8280652cef1704f76428",
                "sha256:23c56182822a1ed88e2a098ac56958dfec380696a9a943df203b9b41e4bcf5e4",
                "sha256:76251513a2acad6c2e4b7aeffc5fcb807ee97a66cad5c2990557556555a6b7e9",
                "sha256:81474a45c4074637a6dfc8fea4cdebf091ab5aa781c2cfcb94c43b16030badd7",
                "sha256:8381172e03c5f6f947005fb146a53c5e5a9e0d630be4a40cbf8838e9324bfe1c",
                "sha256:892749023da26420d194f37bfa30df1368aaac0149cfa3b2105db36b66549e37",
                "sha256:98ec9d727bd998a35385abd56b062cf0cca216725ea7ec5068604ab566f7e97f",
                "sha256:99e55488476a5f70e8d305fd31258f140e52f724f788bcc50c31ec846a2b3766",
                "sha256:a9bd2312996e6e47605af305a1e5f091eba1bdd637cdd9986aec4885cb4c5530",
                "sha256:add366944eb8ec73013a4f36e166c5a4f0f7628ffe1746bc5fe031347489e5e8",
                "sha256:b9292c532538cf47846ca81056cfeab08b877c35fe7521d6524aa92ddcd833e2",
                "sha256:d4c3a0242014cf4c84e9ea0ba3f13b48f02a3992de3da7b1116d11b816451195",
                "sha256:d58315961dc5a5e740f41f2ac5c3a0ebc61ef472f8afeb4db7eeb3b863243105",
                "sha256:ef8819d15973e0d6f69688bafc097a1fae081675c1de39807028869a1320b1a9",
                "sha256:f00321998f0a6bad3fd068babf448a296d4b0b1f4dd424cab863ebe5ed54182f",
                "sha256:fd17973fd4554715efd8d86b3e9200358e49e437fdb92a897ca127aced48b61c",
                "sha256:fed7578fbaa6c301f27ed80834c1f7494ea7d335e269e98b9aee477cf0b3b487"
            ],
            "version": "==1.0.5"
        },
        "numpy": {
            "hashes": [
                "sha256:012426a41bc9ab63bb158635aecccc7610e3eff5d31d1eb43bc099debc979d94",
                "sha256:06fab248a088e439402141ea04f0fffb203723148f6ee791e9c75b3e9e82f080",
                "sha256:0eef32ca3132a48e43f6a0f5a82cb508f22ce5a3d6f67a8329c81c8e226d3f6e",
                "sha256:1ded4fce9cfaaf24e7a0ab51b7a87be9038ea1ace7f34b841fe3b6894c721d1c",
                "sha256:2e55195bc1c6b705bfd8ad6f288b38b11b1af32f3c8289d6c50d47f950c12e76",
                "sha256:2ea52bd92ab9f768cc64a4c3ef8f4b2580a17af0a5436f6126b08efbd1838371",
                "sha256:36674959eed6957e61f11c912f71e78857a8d0604171dfd9ce9ad5cbf41c511c",
                "sha256:384ec0463d1c2671170901994aeb6dce126de0a95ccc3976c43b0038a37329c2",
                "sha256:39b70c19ec771805081578cc936bbe95336798b7edf4732ed102e7a43ec5c07a",
                "sha256:400580cbd3cff6ffa6293df2278c75aef2d58d8d93d3c5614cd67981dae68ceb",
                "sha256:43d4c81d5ffdff6bae58d66a3cd7f54a7acd9a0e7b18d97abb255defc09e3140",
                "sha256:50a4a0ad0111cc1b71fa32dedd05fa239f7fb5a43a40663269bb5dc7877cfd28",
                "sha256:603aa0706be710eea8884af807b1b3bc9fb2e49b9f4da439e76000f3b3c6ff0f",
                "sha256:6149a185cece5ee78d1d196938b2a8f9d09f5a5ebfbba66969302a778d5ddd1d",
                "sha256:759e4095edc3c1b3ac031f34d9459fa781777a93ccc633a472a5468587a190ff",
                "sha256:7fb43004bce0ca31d8f13a6eb5e943fa73371381e53f7074ed21a4cb786c32f8",
                "sha256:811daee36a58dc79cf3d8bdd4a490e4277d0e4b7d103a001a4e73ddb48e7e6aa",
                "sha256:8b5e972b43c8fc27d56550b4120fe6257fdc15f9301914380b27f74856299fea",
                "sha256:99abf4f353c3d1a0c7a5f27699482c987cf663b1eac20db59b8c7b061eabd7fc",
                "sha256:a0d53e51a6cb6f0d9082decb7a4cb6dfb33055308c4c44f53103c073f649af73",
                "sha256:a12ff4c8ddfee61f90a1633a4c4afd3f7bcb32b11c52026c92a12e1325922d0d",
                "sha256:a4646724fba402aa7504cd48b4b50e783296b5e10a524c7a6da62e4a8ac9698d",
                "sha256:a76f502430dd98d7546e1ea2250a7360c065a5fdea52b2dffe8ae7180909b6f4",
                "sha256:a9d17f2be3b427fbb2bce61e596cf555d6f8a56c222bd2ca148baeeb5e5c783c",
                "sha256:ab83f24d5c52d60dbc8cd0528759532736b56db58adaa7b5f1f76ad551416a1e",
                "sha256:aeb9ed923be74e659984e321f609b9ba54a48354bfd168d21a2b072ed1e833ea",
                "sha256:c843b3f50d1ab7361ca4f0b3639bf691569493a56808a0b0c54a051d260b7dbd",
                "sha256:cae865b1cae1ec2663d8ea56ef6ff185bad091a5e33ebbadd98de2cfa3fa668f",
                "sha256:cc6bd4fd593cb261332568485e20a0712883cf631f6f5e8e86a52caa8b2b50ff",
                "sha256:cf2402002d3d9f91c8b01e66fbb436a4ed01c6498fffed0e4c7566da1d40ee1e",
                "sha256:d051ec1c64b85ecc69531e1137bb9751c6830772ee5c1c426dbcfe98ef5788d7",
                "sha256:d6631f2e867676b13026e2846180e2c13c1e11289d67da08d71cacb2cd93d4aa",
                "sha256:dbd18bcf4889b720ba13a27ec2f2aac1981bd41203b3a3b27ba7a33f88ae4827",
                "sha256:df609c82f18c5b9f6cb97271f03315ff0dbe481a2a02e56aeb1b1a985ce38e60"
            ],
            "markers": "python_version >= '3.6'",
            "version": "==1.19.5"
        },
        "overrides": {
            "hashes": [
                "sha256:33926e018a952b06309517b3febede982112b86430e588bdd00560b80a4a800b",
                "sha256:5ba636b73bf72d3d80550f4a5dfe3c7d04ec6e8fd246c4074bfc7ad82bd0ea3d"
            ],
            "index": "pypi",
            "version": "==6.1.0"
        },
        "pebble": {
            "hashes": [
                "sha256:077b51bcb8726ad9003214fb268fe8c51778503f4c37ffcea9a905ab97e23473",
                "sha256:26fdcc0f36d93d8e07559d36b942b7800c6b9622626d5b587ab1a74820d02732"
            ],
            "index": "pypi",
            "version": "==4.5.1"
        },
        "plac": {
            "hashes": [
                "sha256:398cb947c60c4c25e275e1f1dadf027e7096858fb260b8ece3b33bcff90d985f",
                "sha256:487e553017d419f35add346c4c09707e52fa53f7e7181ce1098ca27620e9ceee"
            ],
            "version": "==1.1.3"
        },
        "preshed": {
            "hashes": [
                "sha256:12cbe1e378b4f1c6b06f5e4130408befe916e55ea1616e6aa63c5cd0ccd9c927",
                "sha256:1bdededa7fd81f26a42bc9d11d542657c74746b7ea7fc2b2ca6d0ddbf1f93792",
                "sha256:1ce0846cb7ebb2ea913d44ec2e296098c285443ecdea80ddf02656bbef4deacb",
                "sha256:30f0c8ea85113d0565a1e3eb6222d00513ec39b56f3f9a2615e304575e65422e",
                "sha256:56b9603517bb2a364418163236d6a147a1d722ff7546cbe085e76e25ae118e89",
                "sha256:572899224578d30f6a67fadecb3d62b824866b4d2b6bad73f71abf7585db1389",
                "sha256:5e06a49477bd257eea02bf823b5d3e201d00a19d6976523a58da8606b2358481",
                "sha256:67c11e384ce4c008bc487ba3a29bafdfe038b9a2546ccfe0fe2160480b356fed",
                "sha256:6e833f1632a1d0232bdc6df6c3542fb130ef044d8656b24576d9fd19e5f1e0d1",
                "sha256:6f126bcc414a0304b54956f9dac2628a0f9bef1657d1b3a3837fc82b791aa2a1",
                "sha256:85074eebf90a858a6b68242f1ae265ca99e1af45bf9dafcb9a83d49b0815a2e1",
                "sha256:8a3adffde3126c2a0ab7d57cab1d605cb5f63da1ba88088ad3cf8debfd9aa4dc",
                "sha256:8a560850b8c53c1487ba51c2b0f5769535512b36d3b129ad5796b64653abe2f9",
                "sha256:9ebf444f8487782c84d7b5acb1d7195e603155882fafc4697344199eeeafbe5f",
                "sha256:c6d3dba39ed5059aaf99767017b9568c75b2d0780c3481e204b1daecde00360e",
                "sha256:ca4a7681b643b8356e7dfdab9cf668b2b34bd07ef4b09ebed44c8aeb3b1626ee",
                "sha256:fb4d2e82add82d63b2c97802b759a58ff200d06b632e2edc48a9ced1e6472faf"
            ],
            "version": "==3.0.5"
        },
        "pydash": {
            "hashes": [
                "sha256:a7733886ab811e36510b44ff1de7ccc980327d701fb444a4b2ce395e6f4a4a87",
                "sha256:bc9762159c3fd1f822b131a2d9cbb2b2036595a42ad257d2d821b29803d85f7d"
            ],
            "index": "pypi",
            "version": "==4.7.6"
        },
        "pyjnius": {
            "hashes": [
                "sha256:100057323cec78eda64b7fe629d8bf0fc09687cacef24cd25e983367d467ba7a",
                "sha256:16305191a05b71ef565baf8cd8945f88d85f8f4b8aacecdfbcdd5f4f09853280",
                "sha256:19bc5135b7d9e791d8950dde8d9a258d22653080f9342d194aa7cf6f7181217e",
                "sha256:1aada711a06b0c11c33a215e4d5abad94e45e7a0ec4c02cfc2aa31c018bdc95e",
                "sha256:1f6701596218421c02a18050983009b2e54e7b0e3c564d5e98a486e18cfeb47e",
                "sha256:37897af8b5fbff19ce10ca2870d29152aee8f5e1f77b4bcd561b9208c36c4e4e",
                "sha256:3a49fde713b9504092886097962f8c6a3dfe3ab87ee59f1ddd7a02baa6263e24",
                "sha256:3c770933f3f9cb8abf3871a8fd91ae23e93276deef6f6ef518bbdb62fb4af3c5",
                "sha256:3ee9a7d3a0a7cba021e44d58f8ba49adb165499b326de137abd14099a5ad87e1",
                "sha256:4d4b5ee12c0ab420131f844e838e9e171efaa9834c86a183391d87fb08f24395",
                "sha256:4e6731fba2f98cb7e87666edd38559b88261a7dcb66c24bfa7ace8b23a182914",
                "sha256:5d7cda4c1ccc6b7c1eca8d60e0bd06bc825588aecc3e882943f4a79d854fca6d",
                "sha256:60df1b81af2d453152792dd153914500b062f15f44159c6a39ee10b2576cae6c",
                "sha256:6f82c06ab2946d190987847aaa21f3dc2df49cd776da24c924544c4a01797575",
                "sha256:7022591c1e38affe881a2311d377694edb42589c582c52d377c2c4041d85dd23",
                "sha256:83d3300a7352b9e6fd555d2fecd4831f1d28d9f1c055ab7af11ebc68b98050ab",
                "sha256:87f54b62581d32b512add08127a11f8ace0a6f042d7d650127e85a7ee51ac8f7",
                "sha256:8bc4e6499b29b74e3b38614fdc1643afa17dfa4755e24682c8f829106b4d51a2",
                "sha256:9ecfa2286234b54f09d9141afc649ba3e77e4efe0303fb8a40a90397fa716c0f",
                "sha256:ced833dbac7660a0ec9ca505bafa2fa094c68d15f25a5c2848b614ccd6fa260a",
                "sha256:de0e7251c306faf960d37d31a588edd3e10cfa6edcae91822d72a9f47b9739b3",
                "sha256:ef8acab01f9a23f35a3f202ca4fdb3f1f2f3f81754b046ae1e8fc1850d53dc0b"
            ],
            "index": "pypi",
            "version": "==1.2.1"
        },
        "python-json-logger": {
            "hashes": [
                "sha256:b7a31162f2a01965a5efb94453ce69230ed208468b0bbc7fdfc56e6d8df2e281"
            ],
            "index": "pypi",
            "version": "==0.1.11"
        },
        "redis": {
            "hashes": [
                "sha256:0dcfb335921b88a850d461dc255ff4708294943322bd55de6cfd68972490ca1f",
                "sha256:b205cffd05ebfd0a468db74f0eedbff8df1a7bfc47521516ade4692991bb0833"
            ],
            "index": "pypi",
            "version": "==3.4.1"
        },
        "requests": {
            "hashes": [
                "sha256:6c1246513ecd5ecd4528a0906f910e8f0f9c6b8ec72030dc9fd154dc1a6efd24",
                "sha256:b8aa58f8cf793ffd8782d3d8cb19e66ef36f7aba4353eec859e74678b01b07a7"
            ],
            "markers": "python_version >= '2.7' and python_version not in '3.0, 3.1, 3.2, 3.3, 3.4, 3.5'",
            "version": "==2.26.0"
        },
        "scikit-learn": {
            "hashes": [
                "sha256:038f4e9d6ef10e1f3fe82addc3a14735c299866eb10f2c77c090410904828312",
                "sha256:06ffdcaaf81e2a3b1b50c3ac6842cfb13df2d8b737d61f64643ed61da7389cde",
                "sha256:0e71ce9c7cbc20f6f8b860107ce15114da26e8675238b4b82b7e7cd37ca0c087",
                "sha256:1eec963fe9ffc827442c2e9333227c4d49749a44e592f305398c1db5c1563393",
                "sha256:2754c85b2287333f9719db7f23fb7e357f436deed512db3417a02bf6f2830aa5",
                "sha256:2db429090b98045d71218a9ba913cc9b3fe78e0ba0b6b647d8748bc6d5a44080",
                "sha256:39b7e3b71bcb1fe46397185d6c1a5db1c441e71c23c91a31e7ad8cc3f7305f9a",
                "sha256:3cbd734e1aefc7c5080e6b6973fe062f97c26a1cdf1a991037ca196ce1c8f427",
                "sha256:40556bea1ef26ef54bc678d00cf138a63069144a0b5f3a436eecd8f3468b903e",
                "sha256:48f273836e19901ba2beecd919f7b352f09310ce67c762f6e53bc6b81cacf1f0",
                "sha256:49ec0b1361da328da9bb7f1a162836028e72556356adeb53342f8fae6b450d47",
                "sha256:4e6198675a6f9d333774671bd536668680eea78e2e81c0b19e57224f58d17f37",
                "sha256:5beaeb091071625e83f5905192d8aecde65ba2f26f8b6719845bbf586f7a04a1",
                "sha256:5ff3e4e4cf7592d36541edec434e09fb8ab9ba6b47608c4ffe30c9038d301897",
                "sha256:62214d2954377fcf3f31ec867dd4e436df80121e7a32947a0b3244f58f45e455",
                "sha256:7be1b88c23cfac46e06404582215a917017cd2edaa2e4d40abe6aaff5458f24b",
                "sha256:8fac72b9688176922f9f54fda1ba5f7ffd28cbeb9aad282760186e8ceba9139a",
                "sha256:90a297330f608adeb4d2e9786c6fda395d3150739deb3d42a86d9a4c2d15bc1d",
                "sha256:a2a47449093dcf70babc930beba2ca0423cb7df2fa5fd76be5260703d67fa574",
                "sha256:ae19ac105cf7ce8c205a46166992fdec88081d6e783ab6e38ecfbe45729f3c39",
                "sha256:ae426e3a52842c6b6d77d00f906b6031c8c2cfdfabd6af7511bb4bc9a68d720e",
                "sha256:cbdb0b3db99dd1d5f69d31b4234367d55475add31df4d84a3bd690ef017b55e2",
                "sha256:cdf24c1b9bbeb4936456b42ac5bd32c60bb194a344951acb6bfb0cddee5439a4",
                "sha256:d14701a12417930392cd3898e9646cf5670c190b933625ebe7511b1f7d7b8736",
                "sha256:d177fe1ff47cc235942d628d41ee5b1c6930d8f009f1a451c39b5411e8d0d4cf",
                "sha256:d5bf9c863ba4717b3917b5227463ee06860fc43931dc9026747de416c0a10fee",
                "sha256:dd968a174aa82f3341a615a033fa6a8169e9320cbb46130686562db132d7f1f0",
                "sha256:f0ed4483c258fb23150e31b91ea7d25ff8495dba108aea0b0d4206a777705350",
                "sha256:f18c3ed484eeeaa43a0d45dc2efb4d00fc6542ccdcfa2c45d7b635096a2ae534",
                "sha256:f1d2108e770907540b5248977e4cff9ffaf0f73d0d13445ee938df06ca7579c6",
                "sha256:f3ec00f023d84526381ad0c0f2cff982852d035c921bbf8ceb994f4886c00c64",
                "sha256:f74429a07fedb36a03c159332b914e6de757176064f9fed94b5f79ebac07d913",
                "sha256:fec42690a2eb646b384eafb021c425fab48991587edb412d4db77acc358b27ce"
            ],
            "markers": "python_version >= '3.6'",
            "version": "==0.24.2"
        },
        "scikit-multilearn": {
            "hashes": [
                "sha256:068c652f22704a084ca252d05d21a655e7c9b248d0a4543847b74de5fca2b3f0",
                "sha256:0a389600a6797db6567f2f6ca1d0dca30bebfaaa73f75de62d7ae40f8f03d4fb",
                "sha256:3179fed29b1492f6a69600696c23045b9f494d2b89d1796a8bdc43ccbb33712b"
            ],
            "index": "pypi",
            "version": "==0.2.0"
        },
        "scipy": {
            "hashes": [
                "sha256:168c45c0c32e23f613db7c9e4e780bc61982d71dcd406ead746c7c7c2f2004ce",
                "sha256:213bc59191da2f479984ad4ec39406bf949a99aba70e9237b916ce7547b6ef42",
                "sha256:25b241034215247481f53355e05f9e25462682b13bd9191359075682adcd9554",
                "sha256:2c872de0c69ed20fb1a9b9cf6f77298b04a26f0b8720a5457be08be254366c6e",
                "sha256:3397c129b479846d7eaa18f999369a24322d008fac0782e7828fa567358c36ce",
                "sha256:368c0f69f93186309e1b4beb8e26d51dd6f5010b79264c0f1e9ca00cd92ea8c9",
                "sha256:3d5db5d815370c28d938cf9b0809dade4acf7aba57eaf7ef733bfedc9b2474c4",
                "sha256:4598cf03136067000855d6b44d7a1f4f46994164bcd450fb2c3d481afc25dd06",
                "sha256:4a453d5e5689de62e5d38edf40af3f17560bfd63c9c5bd228c18c1f99afa155b",
                "sha256:4f12d13ffbc16e988fa40809cbbd7a8b45bc05ff6ea0ba8e3e41f6f4db3a9e47",
                "sha256:634568a3018bc16a83cda28d4f7aed0d803dd5618facb36e977e53b2df868443",
                "sha256:65923bc3809524e46fb7eb4d6346552cbb6a1ffc41be748535aa502a2e3d3389",
                "sha256:6b0ceb23560f46dd236a8ad4378fc40bad1783e997604ba845e131d6c680963e",
                "sha256:8c8d6ca19c8497344b810b0b0344f8375af5f6bb9c98bd42e33f747417ab3f57",
                "sha256:9ad4fcddcbf5dc67619379782e6aeef41218a79e17979aaed01ed099876c0e62",
                "sha256:a254b98dbcc744c723a838c03b74a8a34c0558c9ac5c86d5561703362231107d",
                "sha256:b03c4338d6d3d299e8ca494194c0ae4f611548da59e3c038813f1a43976cb437",
                "sha256:cc1f78ebc982cd0602c9a7615d878396bec94908db67d4ecddca864d049112f2",
                "sha256:d6d25c41a009e3c6b7e757338948d0076ee1dd1770d1c09ec131f11946883c54",
                "sha256:d84cadd7d7998433334c99fa55bcba0d8b4aeff0edb123b2a1dfcface538e474",
                "sha256:e360cb2299028d0b0d0f65a5c5e51fc16a335f1603aa2357c25766c8dab56938",
                "sha256:e98d49a5717369d8241d6cf33ecb0ca72deee392414118198a8e5b4c35c56340",
                "sha256:ed572470af2438b526ea574ff8f05e7f39b44ac37f712105e57fc4d53a6fb660",
                "sha256:f87b39f4d69cf7d7529d7b1098cb712033b17ea7714aed831b95628f483fd012",
                "sha256:fa789583fc94a7689b45834453fec095245c7e69c58561dc159b5d5277057e4c"
            ],
            "markers": "python_version >= '3.6'",
            "version": "==1.5.4"
        },
        "six": {
            "hashes": [
                "sha256:1e61c37477a1626458e36f7b1d82aa5c9b094fa4802892072e49de9c60c4c926",
                "sha256:8abb2f1d86890a2dfb989f9a77cfcfd3e47c2a354b01111771326f8aa26e0254"
            ],
            "markers": "python_version >= '2.7' and python_version not in '3.0, 3.1, 3.2, 3.3'",
            "version": "==1.16.0"
        },
        "sklearn": {
            "hashes": [
                "sha256:e23001573aa194b834122d2b9562459bf5ae494a2d59ca6b8aa22c85a44c0e31"
            ],
            "index": "pypi",
            "version": "==0.0"
        },
        "spacy": {
            "hashes": [
                "sha256:01202066f75c7f2cfeb9c167c3184b5b0a9d465604b0ca553bd9e788353c5905",
                "sha256:212314be762bd40dfbbeeba1c4742c242e4b6ea3f9340891f0ff282b2e723ed0",
                "sha256:6c1618c05bf65ae4bc94608f2390130ca21112fb3d920d1a03727691e3e7fb1b",
                "sha256:7313b4fa921ed997d9719f99f5a375d672d2f4a908c7750033c4b37d9fa8547a",
                "sha256:877d8e157a708c8b77c0dea61e526632f6d57f27be64087dac22a4581facea68",
                "sha256:c5e6f8155f6b54a8ef89637b3c7d553f0ddb5478c4dd568fde7392efbf8a26c8",
                "sha256:ce3886e9bfb9071d2708d2cd7157ada93ab378bbb38cf079842181cd671fc6f9",
                "sha256:f0f3a67c5841e6e35d62c98f40ebb3d132587d3aba4f4dccac5056c4e90ff5b9",
                "sha256:f75ba238066455f5b5498a987b4e2c84705d92138e02e890e0b0a1d1eb2d9462",
                "sha256:fd740cb1b50cd86c648f64313be4734b0c2a2931d83761f46821061f42d791a3"
            ],
            "index": "pypi",
            "version": "==2.2.4"
        },
        "srsly": {
            "hashes": [
                "sha256:11447f8e659e1f62f29302252fb057f179031457b36c83426027182f624fe565",
                "sha256:23c7205b8c1cac49a03521bee37f0afe3680d9f0ec18c75ab3ac39bd3e15272b",
                "sha256:2615b8713dfe793ca57925076b0869385d56754816b1eaee5490a6827a1cb5c7",
                "sha256:334f29435099e644a8047b63d60b8386a98b5f7b4739f7efc86b46ca0200aa0e",
                "sha256:4c43a1f28e555891a1e65650adea2c5d0f0fe4b3d63821de65c8357f32c3a11c",
                "sha256:779ebfaa3cf1d5c0f1286ac1baf06af5f2a17bb103622992c71acc6ac20b2781",
                "sha256:8fc4c0641537262e15c7b5b57edc47487b15ac47b696adcb81e0a770ef78e8f5",
                "sha256:a1449da4195e30a3bd1fd3122e5b1a0c57703843c590643555c412fc87132aa0",
                "sha256:a2746afccfd4f51f0793cccc2b6d5e8a564c962870feec5c77408244c1dbb3c5",
                "sha256:a696e9c925e91f76ec53840c55483a4fbf76cb717424410a4f249d4805439038",
                "sha256:b5b887328ac6e210842560fcf32a29c2a9c1ed38c6d47479cadc03d81940da8c",
                "sha256:d3dd796372367c71946d0cd6f734e49db3d99dd13a57bdac937d9eb62689fc9e",
                "sha256:fd5e1e01f5fd0f532a6f3977bb74facc42f1b7155402ee3d06c07a73e83e3c47"
            ],
            "version": "==1.0.5"
        },
        "thinc": {
            "hashes": [
                "sha256:0522cc8b7a74e1de0902b55e1f141f889a088565f72ea0042a9c0f7f3ce83879",
                "sha256:1375c11ed4f7c7178a5749e17b2f3bb1644c98ecc8874e402aceaeec63df6297",
                "sha256:23b77994be3376cd8efa85adfa1bcf0ffcb4cfd279f48a3ab842570f419334ca",
                "sha256:2aa4cab69067f9dbe4ed7a1d937a4467edcc5f50d43996fba8c645f08ab1f387",
                "sha256:523e9be1bfaa3ed1d03d406ce451b6b4793a9719d5b83d2ea6b3398b96bc58b8",
                "sha256:5ac162b010f21f8fcc3fd10766025fad3ec670f6b2e0a72284912332d1ae292a",
                "sha256:7bb69a8cace8d85a3f65d94176f381c5216df08d79a520b005653d0a23f523a8",
                "sha256:9c40101f3148405cb291be2033758d011d348a5dea5d151811def8d1e466f25a",
                "sha256:a7332e323b76d63e1cfd2e6bc08a5527c5a6a0eba39197c56af8fe6eef62ef69",
                "sha256:d1ee60d44ee840b75c0c0a3ade70908f05f414a65f20082483a5a5bfe82e9497",
                "sha256:ebb81b7ff8f852aae1b9c26dfb629344ab962e221ec87c83b2a7c4aec337477d",
                "sha256:f3c5786238991925694aba81fa305c1f2290a960fe5428a26b6f82134b260ad1"
            ],
            "version": "==7.4.0"
        },
        "threadpoolctl": {
            "hashes": [
                "sha256:86d4b6801456d780e94681d155779058759eaef3c3564758b17b6c99db5f81cb",
                "sha256:e5a995e3ffae202758fa8a90082e35783b9370699627ae2733cd1c3a73553616"
            ],
            "markers": "python_version >= '3.6'",
            "version": "==2.2.0"
        },
        "tqdm": {
            "hashes": [
                "sha256:3642d483b558eec80d3c831e23953582c34d7e4540db86d9e5ed9dad238dabc6",
                "sha256:706dea48ee05ba16e936ee91cb3791cd2ea6da348a0e50b46863ff4363ff4340"
            ],
            "markers": "python_version >= '2.7' and python_version not in '3.0, 3.1, 3.2, 3.3'",
            "version": "==4.62.0"
        },
        "typing-extensions": {
            "hashes": [
                "sha256:0ac0f89795dd19de6b97debb0c6af1c70987fd80a2d62d1958f7e56fcc31b497",
                "sha256:50b6f157849174217d0656f99dc82fe932884fb250826c18350e159ec6cdf342",
                "sha256:779383f6086d90c99ae41cf0ff39aac8a7937a9283ce0a414e5dd782f4c94a84"
            ],
            "markers": "python_version < '3.8'",
            "version": "==3.10.0.0"
        },
        "typing-utils": {
            "hashes": [
                "sha256:6bd26f3d38a5dd526ca3a59f0a451ccb59bcee9dc829c872dd6c0aae4ec8bbef",
                "sha256:8ff6b6705414b82575ad5ae0925ac414a9650fb8c5718289b1327dec61252f65"
            ],
            "markers": "python_full_version >= '3.6.1'",
            "version": "==0.1.0"
        },
        "urllib3": {
            "hashes": [
                "sha256:753a0374df26658f99d826cfe40394a686d05985786d946fbe4165b5148f5a7c",
                "sha256:a7acd0977125325f516bda9735fa7142b909a8d01e8b2e4c8108d0984e6e0098"
            ],
            "index": "pypi",
            "version": "==1.26.5"
        },
        "wasabi": {
            "hashes": [
                "sha256:a493e09d86109ec6d9e70d040472f9facc44634d4ae6327182f94091ca73a490",
                "sha256:b4a36aaa9ca3a151f0c558f269d442afbb3526f0160fd541acd8a0d5e5712054"
            ],
            "version": "==0.8.2"
        },
        "zipp": {
            "hashes": [
                "sha256:957cfda87797e389580cb8b9e3870841ca991e2125350677b2ca83a0e99390a3",
                "sha256:f5812b1e007e48cff63449a5e9f4e7ebea716b4111f9c4f9a645f91d579bf0c4"
            ],
            "markers": "python_version >= '3.6'",
            "version": "==3.5.0"
        }
    },
    "develop": {}
}
